
Microsoft Visual Studio Solution File, Format Version 12.00
# Visual Studio 2013
VisualStudioVersion = 12.0.31101.0
MinimumVisualStudioVersion = 10.0.40219.1
Project("{FAE04EC0-301F-11D3-BF4B-00C04F79EFBC}") = "GoldenTicket", "GoldenTicket\GoldenTicket.csproj", "{8BD114F8-37E2-4D1F-888F-8FC4845C0530}"
EndProject
Project("{FAE04EC0-301F-11D3-BF4B-00C04F79EFBC}") = "GoldenTicket.Tests", "GoldenTicket.Tests\GoldenTicket.Tests.csproj", "{4B8C62D7-D66A-4391-A7FB-6C7698366224}"
EndProject
Project("{2150E333-8FDC-42A3-9474-1A3956D46DE8}") = "docs", "docs", "{778B470C-5386-4645-ABE4-14E91261893E}"
	ProjectSection(SolutionItems) = preProject
		Loading Test Data.md = Loading Test Data.md
	EndProjectSection
EndProject
Global
	GlobalSection(SolutionConfigurationPlatforms) = preSolution
		Debug|Any CPU = Debug|Any CPU
		Release|Any CPU = Release|Any CPU
	EndGlobalSection
	GlobalSection(ProjectConfigurationPlatforms) = postSolution
		{8BD114F8-37E2-4D1F-888F-8FC4845C0530}.Debug|Any CPU.ActiveCfg = Debug|Any CPU
		{8BD114F8-37E2-4D1F-888F-8FC4845C0530}.Debug|Any CPU.Build.0 = Debug|Any CPU
		{8BD114F8-37E2-4D1F-888F-8FC4845C0530}.Release|Any CPU.ActiveCfg = Release|Any CPU
		{8BD114F8-37E2-4D1F-888F-8FC4845C0530}.Release|Any CPU.Build.0 = Release|Any CPU
		{4B8C62D7-D66A-4391-A7FB-6C7698366224}.Debug|Any CPU.ActiveCfg = Debug|Any CPU
		{4B8C62D7-D66A-4391-A7FB-6C7698366224}.Debug|Any CPU.Build.0 = Debug|Any CPU
		{4B8C62D7-D66A-4391-A7FB-6C7698366224}.Release|Any CPU.ActiveCfg = Release|Any CPU
		{4B8C62D7-D66A-4391-A7FB-6C7698366224}.Release|Any CPU.Build.0 = Release|Any CPU
	EndGlobalSection
	GlobalSection(SolutionProperties) = preSolution
		HideSolutionNode = FALSE
	EndGlobalSection
EndGlobal
